<?xml version="1.0" encoding="utf-8"?>
<Project ToolsVersion="4.0" xmlns="http://schemas.microsoft.com/developer/msbuild/2003">
  <ItemGroup>
    <Filter Include="Source Files">
      <UniqueIdentifier>{4FC737F1-C7A5-4376-A066-2A32D752A2FF}</UniqueIdentifier>
      <Extensions>cpp;c;cxx;def;odl;idl;hpj;bat;asm;asmx</Extensions>
    </Filter>
    <Filter Include="Header Files">
      <UniqueIdentifier>{93995380-89BD-4b04-88EB-625FBE52EBFB}</UniqueIdentifier>
      <Extensions>h;hpp;hxx;hm;inl;inc;xsd</Extensions>
    </Filter>
    <Filter Include="Resource Files">
      <UniqueIdentifier>{67DA6AB6-F800-4c08-8B7A-83BB121AAD01}</UniqueIdentifier>
      <Extensions>rc;ico;cur;bmp;dlg;rc2;rct;bin;rgs;gif;jpg;jpeg;jpe;resx</Extensions>
    </Filter>
  </ItemGroup>
  <ItemGroup>
    <ClCompile Include="myCF.cpp">
      <Filter>Source Files</Filter>
    </ClCompile>
    <ClCompile Include="NameIndex.cpp">
      <Filter>Source Files</Filter>
    </ClCompile>
    <ClCompile Include="opc_Data.cpp">
      <Filter>Source Files</Filter>
    </ClCompile>
    <ClCompile Include="OPCBrowser.cpp">
      <Filter>Source Files</Filter>
    </ClCompile>
    <ClCompile Include="OPCGroup.cpp">
      <Filter>Source Files</Filter>
    </ClCompile>
    <ClCompile Include="OPCServer.cpp">
      <Filter>Source Files</Filter>
    </ClCompile>
    <ClCompile Include="OPCServerObject.cpp">
      <Filter>Source Files</Filter>
    </ClCompile>
    <ClCompile Include="Server.dll.cpp">
      <Filter>Source Files</Filter>
    </ClCompile>
    <ClCompile Include="stdafx.cpp">
      <Filter>Source Files</Filter>
    </ClCompile>
  </ItemGroup>
  <ItemGroup>
    <ClInclude Include="ag_Clocker.h">
      <Filter>Header Files</Filter>
    </ClInclude>
    <ClInclude Include="ag_file.h">
      <Filter>Header Files</Filter>
    </ClInclude>
    <ClInclude Include="ag_thread.h">
      <Filter>Header Files</Filter>
    </ClInclude>
    <ClInclude Include="ag_timer.h">
      <Filter>Header Files</Filter>
    </ClInclude>
    <ClInclude Include="ag_utils.h">
      <Filter>Header Files</Filter>
    </ClInclude>
    <ClInclude Include="BrowseItem.h">
      <Filter>Header Files</Filter>
    </ClInclude>
    <ClInclude Include="crEnum.h">
      <Filter>Header Files</Filter>
    </ClInclude>
    <ClInclude Include="ErrInfoAdapter.h">
      <Filter>Header Files</Filter>
    </ClInclude>
    <ClInclude Include="ErrorInfoImpl.h">
      <Filter>Header Files</Filter>
    </ClInclude>
    <ClInclude Include="filetime.h">
      <Filter>Header Files</Filter>
    </ClInclude>
    <ClInclude Include="IOPCAsyncIO2Impl.h">
      <Filter>Header Files</Filter>
    </ClInclude>
    <ClInclude Include="IOPCBrowseServerAddressSpaceImpl.h">
      <Filter>Header Files</Filter>
    </ClInclude>
    <ClInclude Include="IOPCCommonImpl.h">
      <Filter>Header Files</Filter>
    </ClInclude>
    <ClInclude Include="IOPCDataCallback_CP.h">
      <Filter>Header Files</Filter>
    </ClInclude>
    <ClInclude Include="IOPCGroupStateMgtImpl.h">
      <Filter>Header Files</Filter>
    </ClInclude>
    <ClInclude Include="IOPCItemMgtImpl.h">
      <Filter>Header Files</Filter>
    </ClInclude>
    <ClInclude Include="IOPCItemPropertiesImpl.h">
      <Filter>Header Files</Filter>
    </ClInclude>
    <ClInclude Include="IOPCServerImpl.h">
      <Filter>Header Files</Filter>
    </ClInclude>
    <ClInclude Include="IOPCShutdown_CP.h">
      <Filter>Header Files</Filter>
    </ClInclude>
    <ClInclude Include="IOPCSyncIOImpl.h">
      <Filter>Header Files</Filter>
    </ClInclude>
    <ClInclude Include="myCF.h">
      <Filter>Header Files</Filter>
    </ClInclude>
    <ClInclude Include="NameIndex.h">
      <Filter>Header Files</Filter>
    </ClInclude>
    <ClInclude Include="opc.h">
      <Filter>Header Files</Filter>
    </ClInclude>
    <ClInclude Include="opc_Data.h">
      <Filter>Header Files</Filter>
    </ClInclude>
    <ClInclude Include="opc_impl.h">
      <Filter>Header Files</Filter>
    </ClInclude>
    <ClInclude Include="OPCBrowser.h">
      <Filter>Header Files</Filter>
    </ClInclude>
    <ClInclude Include="opcDataTranslator.h">
      <Filter>Header Files</Filter>
    </ClInclude>
    <ClInclude Include="OpcGroup.h">
      <Filter>Header Files</Filter>
    </ClInclude>
    <ClInclude Include="OpcGroupItem.h">
      <Filter>Header Files</Filter>
    </ClInclude>
    <ClInclude Include="OPCServer.h">
      <Filter>Header Files</Filter>
    </ClInclude>
    <ClInclude Include="OPCServerObject.h">
      <Filter>Header Files</Filter>
    </ClInclude>
    <ClInclude Include="RarefiedArray.h">
      <Filter>Header Files</Filter>
    </ClInclude>
    <ClInclude Include="RWMonitor.h">
      <Filter>Header Files</Filter>
    </ClInclude>
    <ClInclude Include="stdafx.h">
      <Filter>Header Files</Filter>
    </ClInclude>
    <ClInclude Include="Value.h">
      <Filter>Header Files</Filter>
    </ClInclude>
    <ClInclude Include="OPCFoundation\opccomn.h">
      <Filter>Header Files</Filter>
    </ClInclude>
    <ClInclude Include="OPCFoundation\opcda.h">
      <Filter>Header Files</Filter>
    </ClInclude>
    <ClInclude Include="OPCFoundation\opcerror.h">
      <Filter>Header Files</Filter>
    </ClInclude>
    <ClInclude Include="OPCFoundation\OPCHDA_Error.h">
      <Filter>Header Files</Filter>
    </ClInclude>
  </ItemGroup>
</Project>