
Microsoft Visual Studio Solution File, Format Version 12.00
# Visual Studio 14
VisualStudioVersion = 14.0.25420.1
MinimumVisualStudioVersion = 10.0.40219.1
Project("{8BC9CEB8-8B4A-11D0-8D11-00A0C91BC942}") = "iDCOMTestSrv", "iDCOMTestSrv\iDCOMTestSrv.vcxproj", "{2EF1E516-B045-43AC-94A0-14367A9E446F}"
EndProject
Project("{8BC9CEB8-8B4A-11D0-8D11-00A0C91BC942}") = "iDCOMTestSrvPS", "iDCOMTestSrv\iDCOMTestSrvPS.vcxproj", "{7E8DBE1B-D818-4179-8790-7F7ED5225EA3}"
	ProjectSection(ProjectDependencies) = postProject
		{2EF1E516-B045-43AC-94A0-14367A9E446F} = {2EF1E516-B045-43AC-94A0-14367A9E446F}
	EndProjectSection
EndProject
Project("{8BC9CEB8-8B4A-11D0-8D11-00A0C91BC942}") = "iDCOMTestClient", "iDCOMTestClient\iDCOMTestClient.vcxproj", "{F7FD16A4-240A-43CC-B408-0545AE8E7246}"
EndProject
Project("{8BC9CEB8-8B4A-11D0-8D11-00A0C91BC942}") = "unilog", "unilog\unilog.vcxproj", "{3138B406-1D83-455E-8EB4-910521C5276D}"
EndProject
Project("{8BC9CEB8-8B4A-11D0-8D11-00A0C91BC942}") = "lightopc_lib", "LightOPC\lightopc.vcxproj", "{FD9E66DC-09A1-4730-A956-1A8E922DD0A8}"
	ProjectSection(ProjectDependencies) = postProject
		{3138B406-1D83-455E-8EB4-910521C5276D} = {3138B406-1D83-455E-8EB4-910521C5276D}
	EndProjectSection
EndProject
Project("{8BC9CEB8-8B4A-11D0-8D11-00A0C91BC942}") = "exe_sample", "LightOPC\samp_exe.vcxproj", "{92F06927-C820-4CB1-AF8E-DF18B08333C4}"
	ProjectSection(ProjectDependencies) = postProject
		{FD9E66DC-09A1-4730-A956-1A8E922DD0A8} = {FD9E66DC-09A1-4730-A956-1A8E922DD0A8}
	EndProjectSection
EndProject
Project("{8BC9CEB8-8B4A-11D0-8D11-00A0C91BC942}") = "OPCDASrvProxyStupGenerator", "OPCDASrvProxyStupGenerator\OPCDASrvProxyStupGenerator.vcxproj", "{018D8E98-C018-4D42-AFB6-24E9295B280C}"
EndProject
Project("{8BC9CEB8-8B4A-11D0-8D11-00A0C91BC942}") = "OPCDASrvProxyStub", "OPCDASrvProxyStub\OPCDASrvProxyStub.vcxproj", "{D50838FF-967A-4D6D-BB90-D74560FD40B1}"
EndProject
Project("{8BC9CEB8-8B4A-11D0-8D11-00A0C91BC942}") = "OPCTestClient", "OPCTestClient\OPCTestClient.vcxproj", "{7683A0DC-B501-4D17-883B-68DC2C859B23}"
EndProject
Global
	GlobalSection(SolutionConfigurationPlatforms) = preSolution
		Debug|x64 = Debug|x64
		Debug|x86 = Debug|x86
		Release|x64 = Release|x64
		Release|x86 = Release|x86
		Template|x64 = Template|x64
		Template|x86 = Template|x86
	EndGlobalSection
	GlobalSection(ProjectConfigurationPlatforms) = postSolution
		{2EF1E516-B045-43AC-94A0-14367A9E446F}.Debug|x64.ActiveCfg = Debug|x64
		{2EF1E516-B045-43AC-94A0-14367A9E446F}.Debug|x64.Build.0 = Debug|x64
		{2EF1E516-B045-43AC-94A0-14367A9E446F}.Debug|x86.ActiveCfg = Debug|Win32
		{2EF1E516-B045-43AC-94A0-14367A9E446F}.Debug|x86.Build.0 = Debug|Win32
		{2EF1E516-B045-43AC-94A0-14367A9E446F}.Release|x64.ActiveCfg = Release|x64
		{2EF1E516-B045-43AC-94A0-14367A9E446F}.Release|x64.Build.0 = Release|x64
		{2EF1E516-B045-43AC-94A0-14367A9E446F}.Release|x86.ActiveCfg = Release|Win32
		{2EF1E516-B045-43AC-94A0-14367A9E446F}.Release|x86.Build.0 = Release|Win32
		{2EF1E516-B045-43AC-94A0-14367A9E446F}.Template|x64.ActiveCfg = Release|x64
		{2EF1E516-B045-43AC-94A0-14367A9E446F}.Template|x64.Build.0 = Release|x64
		{2EF1E516-B045-43AC-94A0-14367A9E446F}.Template|x86.ActiveCfg = Release|Win32
		{2EF1E516-B045-43AC-94A0-14367A9E446F}.Template|x86.Build.0 = Release|Win32
		{7E8DBE1B-D818-4179-8790-7F7ED5225EA3}.Debug|x64.ActiveCfg = Debug|x64
		{7E8DBE1B-D818-4179-8790-7F7ED5225EA3}.Debug|x86.ActiveCfg = Debug|Win32
		{7E8DBE1B-D818-4179-8790-7F7ED5225EA3}.Release|x64.ActiveCfg = Release|x64
		{7E8DBE1B-D818-4179-8790-7F7ED5225EA3}.Release|x64.Build.0 = Release|x64
		{7E8DBE1B-D818-4179-8790-7F7ED5225EA3}.Release|x86.ActiveCfg = Release|Win32
		{7E8DBE1B-D818-4179-8790-7F7ED5225EA3}.Template|x64.ActiveCfg = Release|x64
		{7E8DBE1B-D818-4179-8790-7F7ED5225EA3}.Template|x64.Build.0 = Release|x64
		{7E8DBE1B-D818-4179-8790-7F7ED5225EA3}.Template|x86.ActiveCfg = Release|Win32
		{7E8DBE1B-D818-4179-8790-7F7ED5225EA3}.Template|x86.Build.0 = Release|Win32
		{F7FD16A4-240A-43CC-B408-0545AE8E7246}.Debug|x64.ActiveCfg = Debug|x64
		{F7FD16A4-240A-43CC-B408-0545AE8E7246}.Debug|x64.Build.0 = Debug|x64
		{F7FD16A4-240A-43CC-B408-0545AE8E7246}.Debug|x86.ActiveCfg = Debug|Win32
		{F7FD16A4-240A-43CC-B408-0545AE8E7246}.Debug|x86.Build.0 = Debug|Win32
		{F7FD16A4-240A-43CC-B408-0545AE8E7246}.Release|x64.ActiveCfg = Release|x64
		{F7FD16A4-240A-43CC-B408-0545AE8E7246}.Release|x64.Build.0 = Release|x64
		{F7FD16A4-240A-43CC-B408-0545AE8E7246}.Release|x86.ActiveCfg = Release|Win32
		{F7FD16A4-240A-43CC-B408-0545AE8E7246}.Release|x86.Build.0 = Release|Win32
		{F7FD16A4-240A-43CC-B408-0545AE8E7246}.Template|x64.ActiveCfg = Release|x64
		{F7FD16A4-240A-43CC-B408-0545AE8E7246}.Template|x64.Build.0 = Release|x64
		{F7FD16A4-240A-43CC-B408-0545AE8E7246}.Template|x86.ActiveCfg = Release|Win32
		{F7FD16A4-240A-43CC-B408-0545AE8E7246}.Template|x86.Build.0 = Release|Win32
		{3138B406-1D83-455E-8EB4-910521C5276D}.Debug|x64.ActiveCfg = Debug|x64
		{3138B406-1D83-455E-8EB4-910521C5276D}.Debug|x64.Build.0 = Debug|x64
		{3138B406-1D83-455E-8EB4-910521C5276D}.Debug|x86.ActiveCfg = Debug|Win32
		{3138B406-1D83-455E-8EB4-910521C5276D}.Debug|x86.Build.0 = Debug|Win32
		{3138B406-1D83-455E-8EB4-910521C5276D}.Release|x64.ActiveCfg = Release|x64
		{3138B406-1D83-455E-8EB4-910521C5276D}.Release|x64.Build.0 = Release|x64
		{3138B406-1D83-455E-8EB4-910521C5276D}.Release|x86.ActiveCfg = Release|Win32
		{3138B406-1D83-455E-8EB4-910521C5276D}.Release|x86.Build.0 = Release|Win32
		{3138B406-1D83-455E-8EB4-910521C5276D}.Template|x64.ActiveCfg = Release|x64
		{3138B406-1D83-455E-8EB4-910521C5276D}.Template|x64.Build.0 = Release|x64
		{3138B406-1D83-455E-8EB4-910521C5276D}.Template|x86.ActiveCfg = Release|Win32
		{3138B406-1D83-455E-8EB4-910521C5276D}.Template|x86.Build.0 = Release|Win32
		{FD9E66DC-09A1-4730-A956-1A8E922DD0A8}.Debug|x64.ActiveCfg = Debug|Win32
		{FD9E66DC-09A1-4730-A956-1A8E922DD0A8}.Debug|x86.ActiveCfg = Debug|Win32
		{FD9E66DC-09A1-4730-A956-1A8E922DD0A8}.Debug|x86.Build.0 = Debug|Win32
		{FD9E66DC-09A1-4730-A956-1A8E922DD0A8}.Release|x64.ActiveCfg = Release|x64
		{FD9E66DC-09A1-4730-A956-1A8E922DD0A8}.Release|x64.Build.0 = Release|x64
		{FD9E66DC-09A1-4730-A956-1A8E922DD0A8}.Release|x86.ActiveCfg = Release|Win32
		{FD9E66DC-09A1-4730-A956-1A8E922DD0A8}.Release|x86.Build.0 = Release|Win32
		{FD9E66DC-09A1-4730-A956-1A8E922DD0A8}.Template|x64.ActiveCfg = Template|Win32
		{FD9E66DC-09A1-4730-A956-1A8E922DD0A8}.Template|x86.ActiveCfg = Template|Win32
		{FD9E66DC-09A1-4730-A956-1A8E922DD0A8}.Template|x86.Build.0 = Template|Win32
		{92F06927-C820-4CB1-AF8E-DF18B08333C4}.Debug|x64.ActiveCfg = Debug|Win32
		{92F06927-C820-4CB1-AF8E-DF18B08333C4}.Debug|x86.ActiveCfg = Debug|Win32
		{92F06927-C820-4CB1-AF8E-DF18B08333C4}.Debug|x86.Build.0 = Debug|Win32
		{92F06927-C820-4CB1-AF8E-DF18B08333C4}.Release|x64.ActiveCfg = Release|x64
		{92F06927-C820-4CB1-AF8E-DF18B08333C4}.Release|x64.Build.0 = Release|x64
		{92F06927-C820-4CB1-AF8E-DF18B08333C4}.Release|x86.ActiveCfg = Release|Win32
		{92F06927-C820-4CB1-AF8E-DF18B08333C4}.Release|x86.Build.0 = Release|Win32
		{92F06927-C820-4CB1-AF8E-DF18B08333C4}.Template|x64.ActiveCfg = Template|Win32
		{92F06927-C820-4CB1-AF8E-DF18B08333C4}.Template|x86.ActiveCfg = Template|Win32
		{92F06927-C820-4CB1-AF8E-DF18B08333C4}.Template|x86.Build.0 = Template|Win32
		{018D8E98-C018-4D42-AFB6-24E9295B280C}.Debug|x64.ActiveCfg = Debug|x64
		{018D8E98-C018-4D42-AFB6-24E9295B280C}.Debug|x64.Build.0 = Debug|x64
		{018D8E98-C018-4D42-AFB6-24E9295B280C}.Debug|x86.ActiveCfg = Debug|Win32
		{018D8E98-C018-4D42-AFB6-24E9295B280C}.Debug|x86.Build.0 = Debug|Win32
		{018D8E98-C018-4D42-AFB6-24E9295B280C}.Release|x64.ActiveCfg = Release|x64
		{018D8E98-C018-4D42-AFB6-24E9295B280C}.Release|x64.Build.0 = Release|x64
		{018D8E98-C018-4D42-AFB6-24E9295B280C}.Release|x86.ActiveCfg = Release|Win32
		{018D8E98-C018-4D42-AFB6-24E9295B280C}.Release|x86.Build.0 = Release|Win32
		{018D8E98-C018-4D42-AFB6-24E9295B280C}.Template|x64.ActiveCfg = Release|x64
		{018D8E98-C018-4D42-AFB6-24E9295B280C}.Template|x64.Build.0 = Release|x64
		{018D8E98-C018-4D42-AFB6-24E9295B280C}.Template|x86.ActiveCfg = Release|Win32
		{018D8E98-C018-4D42-AFB6-24E9295B280C}.Template|x86.Build.0 = Release|Win32
		{D50838FF-967A-4D6D-BB90-D74560FD40B1}.Debug|x64.ActiveCfg = Debug|x64
		{D50838FF-967A-4D6D-BB90-D74560FD40B1}.Debug|x64.Build.0 = Debug|x64
		{D50838FF-967A-4D6D-BB90-D74560FD40B1}.Debug|x86.ActiveCfg = Debug|Win32
		{D50838FF-967A-4D6D-BB90-D74560FD40B1}.Debug|x86.Build.0 = Debug|Win32
		{D50838FF-967A-4D6D-BB90-D74560FD40B1}.Release|x64.ActiveCfg = Release|x64
		{D50838FF-967A-4D6D-BB90-D74560FD40B1}.Release|x64.Build.0 = Release|x64
		{D50838FF-967A-4D6D-BB90-D74560FD40B1}.Release|x86.ActiveCfg = Release|Win32
		{D50838FF-967A-4D6D-BB90-D74560FD40B1}.Release|x86.Build.0 = Release|Win32
		{D50838FF-967A-4D6D-BB90-D74560FD40B1}.Template|x64.ActiveCfg = Release|x64
		{D50838FF-967A-4D6D-BB90-D74560FD40B1}.Template|x64.Build.0 = Release|x64
		{D50838FF-967A-4D6D-BB90-D74560FD40B1}.Template|x86.ActiveCfg = Release|Win32
		{D50838FF-967A-4D6D-BB90-D74560FD40B1}.Template|x86.Build.0 = Release|Win32
		{7683A0DC-B501-4D17-883B-68DC2C859B23}.Debug|x64.ActiveCfg = Debug|x64
		{7683A0DC-B501-4D17-883B-68DC2C859B23}.Debug|x64.Build.0 = Debug|x64
		{7683A0DC-B501-4D17-883B-68DC2C859B23}.Debug|x86.ActiveCfg = Debug|Win32
		{7683A0DC-B501-4D17-883B-68DC2C859B23}.Debug|x86.Build.0 = Debug|Win32
		{7683A0DC-B501-4D17-883B-68DC2C859B23}.Release|x64.ActiveCfg = Release|x64
		{7683A0DC-B501-4D17-883B-68DC2C859B23}.Release|x64.Build.0 = Release|x64
		{7683A0DC-B501-4D17-883B-68DC2C859B23}.Release|x86.ActiveCfg = Release|Win32
		{7683A0DC-B501-4D17-883B-68DC2C859B23}.Release|x86.Build.0 = Release|Win32
		{7683A0DC-B501-4D17-883B-68DC2C859B23}.Template|x64.ActiveCfg = Release|x64
		{7683A0DC-B501-4D17-883B-68DC2C859B23}.Template|x64.Build.0 = Release|x64
		{7683A0DC-B501-4D17-883B-68DC2C859B23}.Template|x86.ActiveCfg = Release|Win32
		{7683A0DC-B501-4D17-883B-68DC2C859B23}.Template|x86.Build.0 = Release|Win32
	EndGlobalSection
	GlobalSection(SolutionProperties) = preSolution
		HideSolutionNode = FALSE
	EndGlobalSection
EndGlobal
