<?xml version="1.0" encoding="utf-8"?>
<Project ToolsVersion="4.0" xmlns="http://schemas.microsoft.com/developer/msbuild/2003">
  <ItemGroup>
    <Filter Include="Source Files">
      <UniqueIdentifier>{12fbdc0f-2bd5-4cb3-984a-4900039306e0}</UniqueIdentifier>
      <Extensions>cpp;c;cxx;rc;def;r;odl;idl;hpj;bat;for;f90</Extensions>
    </Filter>
    <Filter Include="Header Files">
      <UniqueIdentifier>{285ed004-02a6-4423-8617-73693cbec969}</UniqueIdentifier>
      <Extensions>h;hpp;hxx;hm;inl;fi;fd</Extensions>
    </Filter>
  </ItemGroup>
  <ItemGroup>
    <ClCompile Include="advise_d.cpp">
      <Filter>Source Files</Filter>
    </ClCompile>
    <ClCompile Include="advise_q.cpp">
      <Filter>Source Files</Filter>
    </ClCompile>
    <ClCompile Include="anenum.cpp">
      <Filter>Source Files</Filter>
    </ClCompile>
    <ClCompile Include="browse.cpp">
      <Filter>Source Files</Filter>
    </ClCompile>
    <ClCompile Include="cacheupd.c">
      <Filter>Source Files</Filter>
    </ClCompile>
    <ClCompile Include="callback.cpp">
      <Filter>Source Files</Filter>
    </ClCompile>
    <ClCompile Include="charray.c">
      <Filter>Source Files</Filter>
    </ClCompile>
    <ClCompile Include="clidown.cpp">
      <Filter>Source Files</Filter>
    </ClCompile>
    <ClCompile Include="connpnt.cpp">
      <Filter>Source Files</Filter>
    </ClCompile>
    <ClCompile Include="dllmain.c">
      <Filter>Source Files</Filter>
    </ClCompile>
    <ClCompile Include="dopack.cpp">
      <Filter>Source Files</Filter>
    </ClCompile>
    <ClCompile Include="enum.cpp">
      <Filter>Source Files</Filter>
    </ClCompile>
    <ClCompile Include="enumgi.cpp">
      <Filter>Source Files</Filter>
    </ClCompile>
    <ClCompile Include="filter.cpp">
      <Filter>Source Files</Filter>
    </ClCompile>
    <ClCompile Include="geterr.c">
      <Filter>Source Files</Filter>
    </ClCompile>
    <ClCompile Include="groupman.cpp">
      <Filter>Source Files</Filter>
    </ClCompile>
    <ClCompile Include="growlist.c">
      <Filter>Source Files</Filter>
    </ClCompile>
    <ClCompile Include="hr_clock.c">
      <Filter>Source Files</Filter>
    </ClCompile>
    <ClCompile Include="iniclr.c">
      <Filter>Source Files</Filter>
    </ClCompile>
    <ClCompile Include="ioasync.cpp">
      <Filter>Source Files</Filter>
    </ClCompile>
    <ClCompile Include="ioread.cpp">
      <Filter>Source Files</Filter>
    </ClCompile>
    <ClCompile Include="ioreal.cpp">
      <Filter>Source Files</Filter>
    </ClCompile>
    <ClCompile Include="iowrite.cpp">
      <Filter>Source Files</Filter>
    </ClCompile>
    <ClCompile Include="itemman.cpp">
      <Filter>Source Files</Filter>
    </ClCompile>
    <ClCompile Include="itemprop.cpp">
      <Filter>Source Files</Filter>
    </ClCompile>
    <ClCompile Include="lopcser.cpp">
      <Filter>Source Files</Filter>
    </ClCompile>
    <ClCompile Include="losynch.c">
      <Filter>Source Files</Filter>
    </ClCompile>
    <ClCompile Include="lservice.cpp">
      <Filter>Source Files</Filter>
    </ClCompile>
    <ClCompile Include="mallocx.cpp">
      <Filter>Source Files</Filter>
    </ClCompile>
    <ClCompile Include="objtrack.cpp">
      <Filter>Source Files</Filter>
    </ClCompile>
    <ClCompile Include="propdesc.c">
      <Filter>Source Files</Filter>
    </ClCompile>
    <ClCompile Include="propenum.cpp">
      <Filter>Source Files</Filter>
    </ClCompile>
    <ClCompile Include="proplist.c">
      <Filter>Source Files</Filter>
    </ClCompile>
    <ClCompile Include="proprel.c">
      <Filter>Source Files</Filter>
    </ClCompile>
    <ClCompile Include="realtag.c">
      <Filter>Source Files</Filter>
    </ClCompile>
    <ClCompile Include="reg_com.c">
      <Filter>Source Files</Filter>
    </ClCompile>
    <ClCompile Include="reqqueue.c">
      <Filter>Source Files</Filter>
    </ClCompile>
    <ClCompile Include="schedcl.cpp">
      <Filter>Source Files</Filter>
    </ClCompile>
    <ClCompile Include="servunk.cpp">
      <Filter>Source Files</Filter>
    </ClCompile>
    <ClCompile Include="strutil.c">
      <Filter>Source Files</Filter>
    </ClCompile>
    <ClCompile Include="tagtype.c">
      <Filter>Source Files</Filter>
    </ClCompile>
    <ClCompile Include="thrcontr.c">
      <Filter>Source Files</Filter>
    </ClCompile>
    <ClCompile Include="upd_item.cpp">
      <Filter>Source Files</Filter>
    </ClCompile>
    <ClCompile Include="varpack.c">
      <Filter>Source Files</Filter>
    </ClCompile>
    <ClCompile Include="wcmb.c">
      <Filter>Source Files</Filter>
    </ClCompile>
  </ItemGroup>
  <ItemGroup>
    <ClInclude Include="..\unilog\condsb.h">
      <Filter>Header Files</Filter>
    </ClInclude>
    <ClInclude Include="connpnt.h">
      <Filter>Header Files</Filter>
    </ClInclude>
    <ClInclude Include="enum.h">
      <Filter>Header Files</Filter>
    </ClInclude>
    <ClInclude Include="growlist.h">
      <Filter>Header Files</Filter>
    </ClInclude>
    <ClInclude Include="lightopc.h">
      <Filter>Header Files</Filter>
    </ClInclude>
    <ClInclude Include="loserv.h">
      <Filter>Header Files</Filter>
    </ClInclude>
    <ClInclude Include="losynch.h">
      <Filter>Header Files</Filter>
    </ClInclude>
    <ClInclude Include="nan.h">
      <Filter>Header Files</Filter>
    </ClInclude>
    <ClInclude Include="objtrack.h">
      <Filter>Header Files</Filter>
    </ClInclude>
    <ClInclude Include="options.h">
      <Filter>Header Files</Filter>
    </ClInclude>
    <ClInclude Include="privopc.h">
      <Filter>Header Files</Filter>
    </ClInclude>
    <ClInclude Include="proplist.h">
      <Filter>Header Files</Filter>
    </ClInclude>
    <ClInclude Include="reqqueue.h">
      <Filter>Header Files</Filter>
    </ClInclude>
    <ClInclude Include="..\unilog\rwlock.h">
      <Filter>Header Files</Filter>
    </ClInclude>
    <ClInclude Include="util.h">
      <Filter>Header Files</Filter>
    </ClInclude>
  </ItemGroup>
  <ItemGroup>
    <CustomBuild Include="lightopc.def">
      <Filter>Source Files</Filter>
    </CustomBuild>
  </ItemGroup>
</Project>